// !$*UTF8*$!
{
	archiveVersion = 1;
	classes = {
	};
	objectVersion = 48;
	objects = {

/* Begin PBXBuildFile section */
		5D03ECE71FFF0D8E009F9F2F /* MFAddRuleVC.swift in Sources */ = {isa = PBXBuildFile; fileRef = 5D03ECE61FFF0D8E009F9F2F /* MFAddRuleVC.swift */; };
		5D03ECEB1FFF1815009F9F2F /* BaseInterface.swift in Sources */ = {isa = PBXBuildFile; fileRef = 5D03ECEA1FFF1815009F9F2F /* BaseInterface.swift */; };
		5D03ECED1FFF183A009F9F2F /* MFRuleInterface.swift in Sources */ = {isa = PBXBuildFile; fileRef = 5D03ECEC1FFF183A009F9F2F /* MFRuleInterface.swift */; };
		5D03ECEF1FFF241E009F9F2F /* MFAddRuleCell.swift in Sources */ = {isa = PBXBuildFile; fileRef = 5D03ECEE1FFF241E009F9F2F /* MFAddRuleCell.swift */; };
		5D06BF7C205A4B3000AA72FF /* MFRulesModel.swift in Sources */ = {isa = PBXBuildFile; fileRef = 5D75D2CC20567113002759DD /* MFRulesModel.swift */; };
		5D06BF7D205A4B4500AA72FF /* JSON.swift in Sources */ = {isa = PBXBuildFile; fileRef = 5D75D2CE20567151002759DD /* JSON.swift */; };
		5D06BF7E205A4B5600AA72FF /* MFType.swift in Sources */ = {isa = PBXBuildFile; fileRef = 5D5993BE200EF095006ACEA0 /* MFType.swift */; };
		5D5993BC200EE7E0006ACEA0 /* MFAddRuleSectionItem.swift in Sources */ = {isa = PBXBuildFile; fileRef = 5D5993BB200EE7E0006ACEA0 /* MFAddRuleSectionItem.swift */; };
		5D5993BF200EF095006ACEA0 /* MFType.swift in Sources */ = {isa = PBXBuildFile; fileRef = 5D5993BE200EF095006ACEA0 /* MFType.swift */; };
		5D75D2CD20567113002759DD /* MFRulesModel.swift in Sources */ = {isa = PBXBuildFile; fileRef = 5D75D2CC20567113002759DD /* MFRulesModel.swift */; };
		5D75D2CF20567151002759DD /* JSON.swift in Sources */ = {isa = PBXBuildFile; fileRef = 5D75D2CE20567151002759DD /* JSON.swift */; };
		5DAB94391FFC7FC000645703 /* ThirdPartyCite.swift in Sources */ = {isa = PBXBuildFile; fileRef = 5DAB94381FFC7FC000645703 /* ThirdPartyCite.swift */; };
		5DAB943C1FFC82D200645703 /* MFRulesListCell.swift in Sources */ = {isa = PBXBuildFile; fileRef = 5DAB943B1FFC82D200645703 /* MFRulesListCell.swift */; };
		5DAB94401FFCA6D100645703 /* BaseNC.swift in Sources */ = {isa = PBXBuildFile; fileRef = 5DAB943F1FFCA6D100645703 /* BaseNC.swift */; };
		5DAB94431FFCA76200645703 /* BaseVC.swift in Sources */ = {isa = PBXBuildFile; fileRef = 5DAB94421FFCA76200645703 /* BaseVC.swift */; };
		5DAB94461FFCA7A000645703 /* MFBaseTCell.swift in Sources */ = {isa = PBXBuildFile; fileRef = 5DAB94451FFCA7A000645703 /* MFBaseTCell.swift */; };
		5DAB944A1FFCB27700645703 /* MFColor.swift in Sources */ = {isa = PBXBuildFile; fileRef = 5DAB94491FFCB27700645703 /* MFColor.swift */; };
		5DAB944C1FFCB47500645703 /* MFFont.swift in Sources */ = {isa = PBXBuildFile; fileRef = 5DAB944B1FFCB47500645703 /* MFFont.swift */; };
		5DAB944F1FFCB4FC00645703 /* UIView+Extension.swift in Sources */ = {isa = PBXBuildFile; fileRef = 5DAB944E1FFCB4FC00645703 /* UIView+Extension.swift */; };
		5DAB94521FFCB8D700645703 /* Func.swift in Sources */ = {isa = PBXBuildFile; fileRef = 5DAB94511FFCB8D700645703 /* Func.swift */; };
		5DD5DE9C1FFCC7470082ACC8 /* ruleList_people@2x.png in Resources */ = {isa = PBXBuildFile; fileRef = 5DD5DE981FFCC7470082ACC8 /* ruleList_people@2x.png */; };
		5DD5DE9D1FFCC7470082ACC8 /* ruleList_people@3x.png in Resources */ = {isa = PBXBuildFile; fileRef = 5DD5DE991FFCC7470082ACC8 /* ruleList_people@3x.png */; };
		5DD5DE9E1FFCC7470082ACC8 /* ruleList_content@2x.png in Resources */ = {isa = PBXBuildFile; fileRef = 5DD5DE9A1FFCC7470082ACC8 /* ruleList_content@2x.png */; };
		5DD5DE9F1FFCC7470082ACC8 /* ruleList_content@3x.png in Resources */ = {isa = PBXBuildFile; fileRef = 5DD5DE9B1FFCC7470082ACC8 /* ruleList_content@3x.png */; };
		5DD5DEA11FFCD2E00082ACC8 /* UITableView+Extension.swift in Sources */ = {isa = PBXBuildFile; fileRef = 5DD5DEA01FFCD2E00082ACC8 /* UITableView+Extension.swift */; };
		5DD69FD51FFB2B3D00C2A44E /* AppDelegate.swift in Sources */ = {isa = PBXBuildFile; fileRef = 5DD69FD41FFB2B3D00C2A44E /* AppDelegate.swift */; };
		5DD69FD71FFB2B3D00C2A44E /* ViewController.swift in Sources */ = {isa = PBXBuildFile; fileRef = 5DD69FD61FFB2B3D00C2A44E /* ViewController.swift */; };
		5DD69FDA1FFB2B3D00C2A44E /* Main.storyboard in Resources */ = {isa = PBXBuildFile; fileRef = 5DD69FD81FFB2B3D00C2A44E /* Main.storyboard */; };
		5DD69FDC1FFB2B3D00C2A44E /* Assets.xcassets in Resources */ = {isa = PBXBuildFile; fileRef = 5DD69FDB1FFB2B3D00C2A44E /* Assets.xcassets */; };
		5DD69FDF1FFB2B3D00C2A44E /* LaunchScreen.storyboard in Resources */ = {isa = PBXBuildFile; fileRef = 5DD69FDD1FFB2B3D00C2A44E /* LaunchScreen.storyboard */; };
		5DD69FED1FFB2B6200C2A44E /* MessageFilterExtension.swift in Sources */ = {isa = PBXBuildFile; fileRef = 5DD69FEC1FFB2B6200C2A44E /* MessageFilterExtension.swift */; };
		5DD69FF11FFB2B6200C2A44E /* MessageFilterExt.appex in Embed App Extensions */ = {isa = PBXBuildFile; fileRef = 5DD69FEA1FFB2B6200C2A44E /* MessageFilterExt.appex */; settings = {ATTRIBUTES = (RemoveHeadersOnCopy, ); }; };
		5DD6A0001FFB514600C2A44E /* MFTabBarCtr.swift in Sources */ = {isa = PBXBuildFile; fileRef = 5DD69FFF1FFB514600C2A44E /* MFTabBarCtr.swift */; };
		5DD6A0021FFB518800C2A44E /* MFRulesListVC.swift in Sources */ = {isa = PBXBuildFile; fileRef = 5DD6A0011FFB518800C2A44E /* MFRulesListVC.swift */; };
		5DD6A0041FFB51BF00C2A44E /* MFHelpVC.swift in Sources */ = {isa = PBXBuildFile; fileRef = 5DD6A0031FFB51BF00C2A44E /* MFHelpVC.swift */; };
		5DD6A0091FFB556D00C2A44E /* tabbar_help@2x.png in Resources */ = {isa = PBXBuildFile; fileRef = 5DD6A0051FFB556D00C2A44E /* tabbar_help@2x.png */; };
		5DD6A00A1FFB556D00C2A44E /* tabbar_help@3x.png in Resources */ = {isa = PBXBuildFile; fileRef = 5DD6A0061FFB556D00C2A44E /* tabbar_help@3x.png */; };
		5DD6A00B1FFB556D00C2A44E /* tabbar_rule@2x.png in Resources */ = {isa = PBXBuildFile; fileRef = 5DD6A0071FFB556D00C2A44E /* tabbar_rule@2x.png */; };
		5DD6A00C1FFB556D00C2A44E /* tabbar_rule@3x.png in Resources */ = {isa = PBXBuildFile; fileRef = 5DD6A0081FFB556D00C2A44E /* tabbar_rule@3x.png */; };
		5DFB581D200DEE4400B6F441 /* MFSectionHeaderView.swift in Sources */ = {isa = PBXBuildFile; fileRef = 5DFB581C200DEE4400B6F441 /* MFSectionHeaderView.swift */; };
/* End PBXBuildFile section */

/* Begin PBXContainerItemProxy section */
		5DD69FEF1FFB2B6200C2A44E /* PBXContainerItemProxy */ = {
			isa = PBXContainerItemProxy;
			containerPortal = 5DD69FC91FFB2B3D00C2A44E /* Project object */;
			proxyType = 1;
			remoteGlobalIDString = 5DD69FE91FFB2B6200C2A44E;
			remoteInfo = MessageFilterExt;
		};
/* End PBXContainerItemProxy section */

/* Begin PBXCopyFilesBuildPhase section */
		5DD69FF51FFB2B6200C2A44E /* Embed App Extensions */ = {
			isa = PBXCopyFilesBuildPhase;
			buildActionMask = 2147483647;
			dstPath = "";
			dstSubfolderSpec = 13;
			files = (
				5DD69FF11FFB2B6200C2A44E /* MessageFilterExt.appex in Embed App Extensions */,
			);
			name = "Embed App Extensions";
			runOnlyForDeploymentPostprocessing = 0;
		};
/* End PBXCopyFilesBuildPhase section */

/* Begin PBXFileReference section */
		5D03ECE61FFF0D8E009F9F2F /* MFAddRuleVC.swift */ = {isa = PBXFileReference; lastKnownFileType = sourcecode.swift; path = MFAddRuleVC.swift; sourceTree = "<group>"; };
		5D03ECEA1FFF1815009F9F2F /* BaseInterface.swift */ = {isa = PBXFileReference; lastKnownFileType = sourcecode.swift; path = BaseInterface.swift; sourceTree = "<group>"; };
		5D03ECEC1FFF183A009F9F2F /* MFRuleInterface.swift */ = {isa = PBXFileReference; lastKnownFileType = sourcecode.swift; path = MFRuleInterface.swift; sourceTree = "<group>"; };
		5D03ECEE1FFF241E009F9F2F /* MFAddRuleCell.swift */ = {isa = PBXFileReference; lastKnownFileType = sourcecode.swift; path = MFAddRuleCell.swift; sourceTree = "<group>"; };
		5D5993BB200EE7E0006ACEA0 /* MFAddRuleSectionItem.swift */ = {isa = PBXFileReference; lastKnownFileType = sourcecode.swift; path = MFAddRuleSectionItem.swift; sourceTree = "<group>"; };
		5D5993BE200EF095006ACEA0 /* MFType.swift */ = {isa = PBXFileReference; lastKnownFileType = sourcecode.swift; path = MFType.swift; sourceTree = "<group>"; };
		5D75D2CA20565778002759DD /* MessageFilter.entitlements */ = {isa = PBXFileReference; lastKnownFileType = text.plist.entitlements; path = MessageFilter.entitlements; sourceTree = "<group>"; };
		5D75D2CB2056581A002759DD /* MessageFilterExt.entitlements */ = {isa = PBXFileReference; lastKnownFileType = text.plist.entitlements; path = MessageFilterExt.entitlements; sourceTree = "<group>"; };
		5D75D2CC20567113002759DD /* MFRulesModel.swift */ = {isa = PBXFileReference; lastKnownFileType = sourcecode.swift; path = MFRulesModel.swift; sourceTree = "<group>"; };
		5D75D2CE20567151002759DD /* JSON.swift */ = {isa = PBXFileReference; lastKnownFileType = sourcecode.swift; path = JSON.swift; sourceTree = "<group>"; };
		5DAB94381FFC7FC000645703 /* ThirdPartyCite.swift */ = {isa = PBXFileReference; lastKnownFileType = sourcecode.swift; path = ThirdPartyCite.swift; sourceTree = "<group>"; };
		5DAB943B1FFC82D200645703 /* MFRulesListCell.swift */ = {isa = PBXFileReference; lastKnownFileType = sourcecode.swift; path = MFRulesListCell.swift; sourceTree = "<group>"; };
		5DAB943F1FFCA6D100645703 /* BaseNC.swift */ = {isa = PBXFileReference; lastKnownFileType = sourcecode.swift; path = BaseNC.swift; sourceTree = "<group>"; };
		5DAB94421FFCA76200645703 /* BaseVC.swift */ = {isa = PBXFileReference; lastKnownFileType = sourcecode.swift; path = BaseVC.swift; sourceTree = "<group>"; };
		5DAB94451FFCA7A000645703 /* MFBaseTCell.swift */ = {isa = PBXFileReference; lastKnownFileType = sourcecode.swift; path = MFBaseTCell.swift; sourceTree = "<group>"; };
		5DAB94491FFCB27700645703 /* MFColor.swift */ = {isa = PBXFileReference; lastKnownFileType = sourcecode.swift; path = MFColor.swift; sourceTree = "<group>"; };
		5DAB944B1FFCB47500645703 /* MFFont.swift */ = {isa = PBXFileReference; lastKnownFileType = sourcecode.swift; path = MFFont.swift; sourceTree = "<group>"; };
		5DAB944E1FFCB4FC00645703 /* UIView+Extension.swift */ = {isa = PBXFileReference; lastKnownFileType = sourcecode.swift; path = "UIView+Extension.swift"; sourceTree = "<group>"; };
		5DAB94511FFCB8D700645703 /* Func.swift */ = {isa = PBXFileReference; lastKnownFileType = sourcecode.swift; path = Func.swift; sourceTree = "<group>"; };
		5DD5DE981FFCC7470082ACC8 /* ruleList_people@2x.png */ = {isa = PBXFileReference; lastKnownFileType = image.png; path = "ruleList_people@2x.png"; sourceTree = "<group>"; };
		5DD5DE991FFCC7470082ACC8 /* ruleList_people@3x.png */ = {isa = PBXFileReference; lastKnownFileType = image.png; path = "ruleList_people@3x.png"; sourceTree = "<group>"; };
		5DD5DE9A1FFCC7470082ACC8 /* ruleList_content@2x.png */ = {isa = PBXFileReference; lastKnownFileType = image.png; path = "ruleList_content@2x.png"; sourceTree = "<group>"; };
		5DD5DE9B1FFCC7470082ACC8 /* ruleList_content@3x.png */ = {isa = PBXFileReference; lastKnownFileType = image.png; path = "ruleList_content@3x.png"; sourceTree = "<group>"; };
		5DD5DEA01FFCD2E00082ACC8 /* UITableView+Extension.swift */ = {isa = PBXFileReference; lastKnownFileType = sourcecode.swift; path = "UITableView+Extension.swift"; sourceTree = "<group>"; };
		5DD69FD11FFB2B3D00C2A44E /* MessageFilter.app */ = {isa = PBXFileReference; explicitFileType = wrapper.application; includeInIndex = 0; path = MessageFilter.app; sourceTree = BUILT_PRODUCTS_DIR; };
		5DD69FD41FFB2B3D00C2A44E /* AppDelegate.swift */ = {isa = PBXFileReference; lastKnownFileType = sourcecode.swift; path = AppDelegate.swift; sourceTree = "<group>"; };
		5DD69FD61FFB2B3D00C2A44E /* ViewController.swift */ = {isa = PBXFileReference; lastKnownFileType = sourcecode.swift; path = ViewController.swift; sourceTree = "<group>"; };
		5DD69FD91FFB2B3D00C2A44E /* Base */ = {isa = PBXFileReference; lastKnownFileType = file.storyboard; name = Base; path = Base.lproj/Main.storyboard; sourceTree = "<group>"; };
		5DD69FDB1FFB2B3D00C2A44E /* Assets.xcassets */ = {isa = PBXFileReference; lastKnownFileType = folder.assetcatalog; path = Assets.xcassets; sourceTree = "<group>"; };
		5DD69FDE1FFB2B3D00C2A44E /* Base */ = {isa = PBXFileReference; lastKnownFileType = file.storyboard; name = Base; path = Base.lproj/LaunchScreen.storyboard; sourceTree = "<group>"; };
		5DD69FE01FFB2B3D00C2A44E /* Info.plist */ = {isa = PBXFileReference; lastKnownFileType = text.plist.xml; path = Info.plist; sourceTree = "<group>"; };
		5DD69FEA1FFB2B6200C2A44E /* MessageFilterExt.appex */ = {isa = PBXFileReference; explicitFileType = "wrapper.app-extension"; includeInIndex = 0; path = MessageFilterExt.appex; sourceTree = BUILT_PRODUCTS_DIR; };
		5DD69FEC1FFB2B6200C2A44E /* MessageFilterExtension.swift */ = {isa = PBXFileReference; lastKnownFileType = sourcecode.swift; path = MessageFilterExtension.swift; sourceTree = "<group>"; };
		5DD69FEE1FFB2B6200C2A44E /* Info.plist */ = {isa = PBXFileReference; lastKnownFileType = text.plist.xml; path = Info.plist; sourceTree = "<group>"; };
		5DD69FFF1FFB514600C2A44E /* MFTabBarCtr.swift */ = {isa = PBXFileReference; lastKnownFileType = sourcecode.swift; path = MFTabBarCtr.swift; sourceTree = "<group>"; };
		5DD6A0011FFB518800C2A44E /* MFRulesListVC.swift */ = {isa = PBXFileReference; lastKnownFileType = sourcecode.swift; path = MFRulesListVC.swift; sourceTree = "<group>"; };
		5DD6A0031FFB51BF00C2A44E /* MFHelpVC.swift */ = {isa = PBXFileReference; lastKnownFileType = sourcecode.swift; path = MFHelpVC.swift; sourceTree = "<group>"; };
		5DD6A0051FFB556D00C2A44E /* tabbar_help@2x.png */ = {isa = PBXFileReference; lastKnownFileType = image.png; path = "tabbar_help@2x.png"; sourceTree = "<group>"; };
		5DD6A0061FFB556D00C2A44E /* tabbar_help@3x.png */ = {isa = PBXFileReference; lastKnownFileType = image.png; path = "tabbar_help@3x.png"; sourceTree = "<group>"; };
		5DD6A0071FFB556D00C2A44E /* tabbar_rule@2x.png */ = {isa = PBXFileReference; lastKnownFileType = image.png; path = "tabbar_rule@2x.png"; sourceTree = "<group>"; };
		5DD6A0081FFB556D00C2A44E /* tabbar_rule@3x.png */ = {isa = PBXFileReference; lastKnownFileType = image.png; path = "tabbar_rule@3x.png"; sourceTree = "<group>"; };
		5DFB581C200DEE4400B6F441 /* MFSectionHeaderView.swift */ = {isa = PBXFileReference; lastKnownFileType = sourcecode.swift; path = MFSectionHeaderView.swift; sourceTree = "<group>"; };
/* End PBXFileReference section */

/* Begin PBXFrameworksBuildPhase section */
		5DD69FCE1FFB2B3D00C2A44E /* Frameworks */ = {
			isa = PBXFrameworksBuildPhase;
			buildActionMask = 2147483647;
			files = (
			);
			runOnlyForDeploymentPostprocessing = 0;
		};
		5DD69FE71FFB2B6200C2A44E /* Frameworks */ = {
			isa = PBXFrameworksBuildPhase;
			buildActionMask = 2147483647;
			files = (
			);
			runOnlyForDeploymentPostprocessing = 0;
		};
/* End PBXFrameworksBuildPhase section */

/* Begin PBXGroup section */
		5D03ECE81FFF0FA5009F9F2F /* DM */ = {
			isa = PBXGroup;
			children = (
				5D03ECEC1FFF183A009F9F2F /* MFRuleInterface.swift */,
			);
			path = DM;
			sourceTree = "<group>";
		};
		5D03ECE91FFF17D9009F9F2F /* BaseInterface */ = {
			isa = PBXGroup;
			children = (
				5D03ECEA1FFF1815009F9F2F /* BaseInterface.swift */,
			);
			path = BaseInterface;
			sourceTree = "<group>";
		};
		5DAB942D1FFC7A0E00645703 /* MFRule */ = {
			isa = PBXGroup;
			children = (
				5DD69FFB1FFB50F800C2A44E /* Controller */,
				5DD69FFC1FFB510000C2A44E /* Model */,
				5DD69FFE1FFB511200C2A44E /* View */,
				5DD69FFD1FFB510A00C2A44E /* Resource */,
			);
			path = MFRule;
			sourceTree = "<group>";
		};
		5DAB942E1FFC7A2A00645703 /* MFHelp */ = {
			isa = PBXGroup;
			children = (
				5DAB942F1FFC7AC900645703 /* Controller */,
				5DAB94301FFC7AC900645703 /* Model */,
				5DAB94311FFC7AC900645703 /* View */,
				5DAB94321FFC7AC900645703 /* Resource */,
			);
			path = MFHelp;
			sourceTree = "<group>";
		};
		5DAB942F1FFC7AC900645703 /* Controller */ = {
			isa = PBXGroup;
			children = (
				5DD6A0031FFB51BF00C2A44E /* MFHelpVC.swift */,
			);
			path = Controller;
			sourceTree = "<group>";
		};
		5DAB94301FFC7AC900645703 /* Model */ = {
			isa = PBXGroup;
			children = (
			);
			path = Model;
			sourceTree = "<group>";
		};
		5DAB94311FFC7AC900645703 /* View */ = {
			isa = PBXGroup;
			children = (
			);
			path = View;
			sourceTree = "<group>";
		};
		5DAB94321FFC7AC900645703 /* Resource */ = {
			isa = PBXGroup;
			children = (
			);
			path = Resource;
			sourceTree = "<group>";
		};
		5DAB94331FFC7AE600645703 /* MFMain */ = {
			isa = PBXGroup;
			children = (
				5DAB94371FFC7AFC00645703 /* Controller */,
				5DAB94361FFC7AFC00645703 /* Model */,
				5DAB94341FFC7AFC00645703 /* View */,
				5DAB94351FFC7AFC00645703 /* Resource */,
			);
			path = MFMain;
			sourceTree = "<group>";
		};
		5DAB94341FFC7AFC00645703 /* View */ = {
			isa = PBXGroup;
			children = (
			);
			path = View;
			sourceTree = "<group>";
		};
		5DAB94351FFC7AFC00645703 /* Resource */ = {
			isa = PBXGroup;
			children = (
				5DD6A0051FFB556D00C2A44E /* tabbar_help@2x.png */,
				5DD6A0061FFB556D00C2A44E /* tabbar_help@3x.png */,
				5DD6A0071FFB556D00C2A44E /* tabbar_rule@2x.png */,
				5DD6A0081FFB556D00C2A44E /* tabbar_rule@3x.png */,
			);
			path = Resource;
			sourceTree = "<group>";
		};
		5DAB94361FFC7AFC00645703 /* Model */ = {
			isa = PBXGroup;
			children = (
			);
			path = Model;
			sourceTree = "<group>";
		};
		5DAB94371FFC7AFC00645703 /* Controller */ = {
			isa = PBXGroup;
			children = (
				5DD69FFF1FFB514600C2A44E /* MFTabBarCtr.swift */,
			);
			path = Controller;
			sourceTree = "<group>";
		};
		5DAB943D1FFCA6B000645703 /* Base */ = {
			isa = PBXGroup;
			children = (
				5D03ECE91FFF17D9009F9F2F /* BaseInterface */,
				5DAB943E1FFCA6B900645703 /* BaseNC */,
				5DAB94411FFCA73C00645703 /* BaseVC */,
				5DAB94441FFCA76B00645703 /* BaseView */,
			);
			path = Base;
			sourceTree = "<group>";
		};
		5DAB943E1FFCA6B900645703 /* BaseNC */ = {
			isa = PBXGroup;
			children = (
				5DAB943F1FFCA6D100645703 /* BaseNC.swift */,
			);
			path = BaseNC;
			sourceTree = "<group>";
		};
		5DAB94411FFCA73C00645703 /* BaseVC */ = {
			isa = PBXGroup;
			children = (
				5DAB94421FFCA76200645703 /* BaseVC.swift */,
			);
			path = BaseVC;
			sourceTree = "<group>";
		};
		5DAB94441FFCA76B00645703 /* BaseView */ = {
			isa = PBXGroup;
			children = (
				5DAB94451FFCA7A000645703 /* MFBaseTCell.swift */,
			);
			path = BaseView;
			sourceTree = "<group>";
		};
		5DAB94481FFCB25900645703 /* Constants */ = {
			isa = PBXGroup;
			children = (
				5DAB94491FFCB27700645703 /* MFColor.swift */,
				5DAB944B1FFCB47500645703 /* MFFont.swift */,
				5D5993BE200EF095006ACEA0 /* MFType.swift */,
			);
			path = Constants;
			sourceTree = "<group>";
		};
		5DAB944D1FFCB4D200645703 /* Extension */ = {
			isa = PBXGroup;
			children = (
				5DAB944E1FFCB4FC00645703 /* UIView+Extension.swift */,
				5DD5DEA01FFCD2E00082ACC8 /* UITableView+Extension.swift */,
			);
			path = Extension;
			sourceTree = "<group>";
		};
		5DAB94501FFCB8C100645703 /* Tools */ = {
			isa = PBXGroup;
			children = (
				5DAB94511FFCB8D700645703 /* Func.swift */,
			);
			path = Tools;
			sourceTree = "<group>";
		};
		5DD69FC81FFB2B3D00C2A44E = {
			isa = PBXGroup;
			children = (
				5DD69FD31FFB2B3D00C2A44E /* MessageFilter */,
				5DD69FEB1FFB2B6200C2A44E /* MessageFilterExt */,
				5DD69FD21FFB2B3D00C2A44E /* Products */,
			);
			sourceTree = "<group>";
		};
		5DD69FD21FFB2B3D00C2A44E /* Products */ = {
			isa = PBXGroup;
			children = (
				5DD69FD11FFB2B3D00C2A44E /* MessageFilter.app */,
				5DD69FEA1FFB2B6200C2A44E /* MessageFilterExt.appex */,
			);
			name = Products;
			sourceTree = "<group>";
		};
		5DD69FD31FFB2B3D00C2A44E /* MessageFilter */ = {
			isa = PBXGroup;
			children = (
				5D75D2CA20565778002759DD /* MessageFilter.entitlements */,
				5DD69FF71FFB301200C2A44E /* Common */,
				5DD69FF81FFB304F00C2A44E /* Modules */,
				5DAB944D1FFCB4D200645703 /* Extension */,
				5DD69FFA1FFB306D00C2A44E /* Resource */,
				5DD69FF61FFB2E8100C2A44E /* Supporting Files */,
			);
			path = MessageFilter;
			sourceTree = "<group>";
		};
		5DD69FEB1FFB2B6200C2A44E /* MessageFilterExt */ = {
			isa = PBXGroup;
			children = (
				5D75D2CB2056581A002759DD /* MessageFilterExt.entitlements */,
				5DD69FEC1FFB2B6200C2A44E /* MessageFilterExtension.swift */,
				5DD69FEE1FFB2B6200C2A44E /* Info.plist */,
			);
			path = MessageFilterExt;
			sourceTree = "<group>";
		};
		5DD69FF61FFB2E8100C2A44E /* Supporting Files */ = {
			isa = PBXGroup;
			children = (
				5DD69FD41FFB2B3D00C2A44E /* AppDelegate.swift */,
				5DD69FD61FFB2B3D00C2A44E /* ViewController.swift */,
				5DD69FD81FFB2B3D00C2A44E /* Main.storyboard */,
				5DD69FDB1FFB2B3D00C2A44E /* Assets.xcassets */,
				5DD69FDD1FFB2B3D00C2A44E /* LaunchScreen.storyboard */,
				5DD69FE01FFB2B3D00C2A44E /* Info.plist */,
				5DAB94381FFC7FC000645703 /* ThirdPartyCite.swift */,
			);
			path = "Supporting Files";
			sourceTree = "<group>";
		};
		5DD69FF71FFB301200C2A44E /* Common */ = {
			isa = PBXGroup;
			children = (
				5DFB581B200DEE1C00B6F441 /* View */,
				5DAB943D1FFCA6B000645703 /* Base */,
				5DAB94481FFCB25900645703 /* Constants */,
				5DAB94501FFCB8C100645703 /* Tools */,
				5D75D2CE20567151002759DD /* JSON.swift */,
			);
			path = Common;
			sourceTree = "<group>";
		};
		5DD69FF81FFB304F00C2A44E /* Modules */ = {
			isa = PBXGroup;
			children = (
				5DAB94331FFC7AE600645703 /* MFMain */,
				5DAB942D1FFC7A0E00645703 /* MFRule */,
				5DAB942E1FFC7A2A00645703 /* MFHelp */,
			);
			path = Modules;
			sourceTree = "<group>";
		};
		5DD69FFA1FFB306D00C2A44E /* Resource */ = {
			isa = PBXGroup;
			children = (
			);
			path = Resource;
			sourceTree = "<group>";
		};
		5DD69FFB1FFB50F800C2A44E /* Controller */ = {
			isa = PBXGroup;
			children = (
				5DD6A0011FFB518800C2A44E /* MFRulesListVC.swift */,
				5D03ECE61FFF0D8E009F9F2F /* MFAddRuleVC.swift */,
			);
			path = Controller;
			sourceTree = "<group>";
		};
		5DD69FFC1FFB510000C2A44E /* Model */ = {
			isa = PBXGroup;
			children = (
				5D03ECE81FFF0FA5009F9F2F /* DM */,
				5D5993BB200EE7E0006ACEA0 /* MFAddRuleSectionItem.swift */,
				5D75D2CC20567113002759DD /* MFRulesModel.swift */,
			);
			path = Model;
			sourceTree = "<group>";
		};
		5DD69FFD1FFB510A00C2A44E /* Resource */ = {
			isa = PBXGroup;
			children = (
				5DD5DE9A1FFCC7470082ACC8 /* ruleList_content@2x.png */,
				5DD5DE9B1FFCC7470082ACC8 /* ruleList_content@3x.png */,
				5DD5DE981FFCC7470082ACC8 /* ruleList_people@2x.png */,
				5DD5DE991FFCC7470082ACC8 /* ruleList_people@3x.png */,
			);
			path = Resource;
			sourceTree = "<group>";
		};
		5DD69FFE1FFB511200C2A44E /* View */ = {
			isa = PBXGroup;
			children = (
				5DAB943B1FFC82D200645703 /* MFRulesListCell.swift */,
				5D03ECEE1FFF241E009F9F2F /* MFAddRuleCell.swift */,
			);
			path = View;
			sourceTree = "<group>";
		};
		5DFB581B200DEE1C00B6F441 /* View */ = {
			isa = PBXGroup;
			children = (
				5DFB581C200DEE4400B6F441 /* MFSectionHeaderView.swift */,
			);
			path = View;
			sourceTree = "<group>";
		};
/* End PBXGroup section */

/* Begin PBXNativeTarget section */
		5DD69FD01FFB2B3D00C2A44E /* MessageFilter */ = {
			isa = PBXNativeTarget;
			buildConfigurationList = 5DD69FE31FFB2B3D00C2A44E /* Build configuration list for PBXNativeTarget "MessageFilter" */;
			buildPhases = (
				5DD69FCD1FFB2B3D00C2A44E /* Sources */,
				5DD69FCE1FFB2B3D00C2A44E /* Frameworks */,
				5DD69FCF1FFB2B3D00C2A44E /* Resources */,
				5DD69FF51FFB2B6200C2A44E /* Embed App Extensions */,
				5DAB943A1FFC813400645703 /* ShellScript */,
			);
			buildRules = (
			);
			dependencies = (
				5DD69FF01FFB2B6200C2A44E /* PBXTargetDependency */,
			);
			name = MessageFilter;
			productName = MessageFilter;
			productReference = 5DD69FD11FFB2B3D00C2A44E /* MessageFilter.app */;
			productType = "com.apple.product-type.application";
		};
		5DD69FE91FFB2B6200C2A44E /* MessageFilterExt */ = {
			isa = PBXNativeTarget;
			buildConfigurationList = 5DD69FF21FFB2B6200C2A44E /* Build configuration list for PBXNativeTarget "MessageFilterExt" */;
			buildPhases = (
				5DD69FE61FFB2B6200C2A44E /* Sources */,
				5DD69FE71FFB2B6200C2A44E /* Frameworks */,
				5DD69FE81FFB2B6200C2A44E /* Resources */,
			);
			buildRules = (
			);
			dependencies = (
			);
			name = MessageFilterExt;
			productName = MessageFilterExt;
			productReference = 5DD69FEA1FFB2B6200C2A44E /* MessageFilterExt.appex */;
			productType = "com.apple.product-type.app-extension";
		};
/* End PBXNativeTarget section */

/* Begin PBXProject section */
		5DD69FC91FFB2B3D00C2A44E /* Project object */ = {
			isa = PBXProject;
			attributes = {
				LastSwiftUpdateCheck = 0920;
				LastUpgradeCheck = 0920;
				ORGANIZATIONNAME = "陈鑫杰";
				TargetAttributes = {
					5DD69FD01FFB2B3D00C2A44E = {
						CreatedOnToolsVersion = 9.2;
						ProvisioningStyle = Automatic;
						SystemCapabilities = {
							com.apple.ApplicationGroups.iOS = {
								enabled = 1;
							};
						};
					};
					5DD69FE91FFB2B6200C2A44E = {
						CreatedOnToolsVersion = 9.2;
						ProvisioningStyle = Automatic;
						SystemCapabilities = {
							com.apple.ApplicationGroups.iOS = {
								enabled = 1;
							};
						};
					};
				};
			};
			buildConfigurationList = 5DD69FCC1FFB2B3D00C2A44E /* Build configuration list for PBXProject "MessageFilter" */;
			compatibilityVersion = "Xcode 8.0";
			developmentRegion = en;
			hasScannedForEncodings = 0;
			knownRegions = (
				en,
				Base,
			);
			mainGroup = 5DD69FC81FFB2B3D00C2A44E;
			productRefGroup = 5DD69FD21FFB2B3D00C2A44E /* Products */;
			projectDirPath = "";
			projectRoot = "";
			targets = (
				5DD69FD01FFB2B3D00C2A44E /* MessageFilter */,
				5DD69FE91FFB2B6200C2A44E /* MessageFilterExt */,
			);
		};
/* End PBXProject section */

/* Begin PBXResourcesBuildPhase section */
		5DD69FCF1FFB2B3D00C2A44E /* Resources */ = {
			isa = PBXResourcesBuildPhase;
			buildActionMask = 2147483647;
			files = (
				5DD5DE9F1FFCC7470082ACC8 /* ruleList_content@3x.png in Resources */,
				5DD69FDF1FFB2B3D00C2A44E /* LaunchScreen.storyboard in Resources */,
				5DD69FDC1FFB2B3D00C2A44E /* Assets.xcassets in Resources */,
				5DD6A00A1FFB556D00C2A44E /* tabbar_help@3x.png in Resources */,
				5DD5DE9C1FFCC7470082ACC8 /* ruleList_people@2x.png in Resources */,
				5DD6A0091FFB556D00C2A44E /* tabbar_help@2x.png in Resources */,
				5DD6A00C1FFB556D00C2A44E /* tabbar_rule@3x.png in Resources */,
				5DD6A00B1FFB556D00C2A44E /* tabbar_rule@2x.png in Resources */,
				5DD69FDA1FFB2B3D00C2A44E /* Main.storyboard in Resources */,
				5DD5DE9E1FFCC7470082ACC8 /* ruleList_content@2x.png in Resources */,
				5DD5DE9D1FFCC7470082ACC8 /* ruleList_people@3x.png in Resources */,
			);
			runOnlyForDeploymentPostprocessing = 0;
		};
		5DD69FE81FFB2B6200C2A44E /* Resources */ = {
			isa = PBXResourcesBuildPhase;
			buildActionMask = 2147483647;
			files = (
			);
			runOnlyForDeploymentPostprocessing = 0;
		};
/* End PBXResourcesBuildPhase section */

/* Begin PBXShellScriptBuildPhase section */
		5DAB943A1FFC813400645703 /* ShellScript */ = {
			isa = PBXShellScriptBuildPhase;
			buildActionMask = 2147483647;
			files = (
			);
			inputPaths = (
				"$(SRCROOT)/Carthage/Build/iOS/SnapKit.framework",
			);
			outputPaths = (
			);
			runOnlyForDeploymentPostprocessing = 0;
			shellPath = /bin/sh;
			shellScript = "/usr/local/bin/carthage copy-frameworks";
		};
/* End PBXShellScriptBuildPhase section */

/* Begin PBXSourcesBuildPhase section */
		5DD69FCD1FFB2B3D00C2A44E /* Sources */ = {
			isa = PBXSourcesBuildPhase;
			buildActionMask = 2147483647;
			files = (
				5DAB944A1FFCB27700645703 /* MFColor.swift in Sources */,
				5DD69FD71FFB2B3D00C2A44E /* ViewController.swift in Sources */,
				5D03ECEB1FFF1815009F9F2F /* BaseInterface.swift in Sources */,
				5DAB94391FFC7FC000645703 /* ThirdPartyCite.swift in Sources */,
				5D5993BF200EF095006ACEA0 /* MFType.swift in Sources */,
				5DAB943C1FFC82D200645703 /* MFRulesListCell.swift in Sources */,
				5DD5DEA11FFCD2E00082ACC8 /* UITableView+Extension.swift in Sources */,
				5DAB94401FFCA6D100645703 /* BaseNC.swift in Sources */,
				5D75D2CD20567113002759DD /* MFRulesModel.swift in Sources */,
				5DAB94461FFCA7A000645703 /* MFBaseTCell.swift in Sources */,
				5D03ECED1FFF183A009F9F2F /* MFRuleInterface.swift in Sources */,
				5DAB94431FFCA76200645703 /* BaseVC.swift in Sources */,
				5DD6A0041FFB51BF00C2A44E /* MFHelpVC.swift in Sources */,
				5D5993BC200EE7E0006ACEA0 /* MFAddRuleSectionItem.swift in Sources */,
				5D03ECE71FFF0D8E009F9F2F /* MFAddRuleVC.swift in Sources */,
				5D75D2CF20567151002759DD /* JSON.swift in Sources */,
				5DD6A0021FFB518800C2A44E /* MFRulesListVC.swift in Sources */,
				5DAB94521FFCB8D700645703 /* Func.swift in Sources */,
				5DAB944C1FFCB47500645703 /* MFFont.swift in Sources */,
				5DAB944F1FFCB4FC00645703 /* UIView+Extension.swift in Sources */,
				5DFB581D200DEE4400B6F441 /* MFSectionHeaderView.swift in Sources */,
				5DD69FD51FFB2B3D00C2A44E /* AppDelegate.swift in Sources */,
				5D03ECEF1FFF241E009F9F2F /* MFAddRuleCell.swift in Sources */,
				5DD6A0001FFB514600C2A44E /* MFTabBarCtr.swift in Sources */,
			);
			runOnlyForDeploymentPostprocessing = 0;
		};
		5DD69FE61FFB2B6200C2A44E /* Sources */ = {
			isa = PBXSourcesBuildPhase;
			buildActionMask = 2147483647;
			files = (
				5D06BF7E205A4B5600AA72FF /* MFType.swift in Sources */,
				5D06BF7D205A4B4500AA72FF /* JSON.swift in Sources */,
				5D06BF7C205A4B3000AA72FF /* MFRulesModel.swift in Sources */,
				5DD69FED1FFB2B6200C2A44E /* MessageFilterExtension.swift in Sources */,
			);
			runOnlyForDeploymentPostprocessing = 0;
		};
/* End PBXSourcesBuildPhase section */

/* Begin PBXTargetDependency section */
		5DD69FF01FFB2B6200C2A44E /* PBXTargetDependency */ = {
			isa = PBXTargetDependency;
			target = 5DD69FE91FFB2B6200C2A44E /* MessageFilterExt */;
			targetProxy = 5DD69FEF1FFB2B6200C2A44E /* PBXContainerItemProxy */;
		};
/* End PBXTargetDependency section */

/* Begin PBXVariantGroup section */
		5DD69FD81FFB2B3D00C2A44E /* Main.storyboard */ = {
			isa = PBXVariantGroup;
			children = (
				5DD69FD91FFB2B3D00C2A44E /* Base */,
			);
			name = Main.storyboard;
			sourceTree = "<group>";
		};
		5DD69FDD1FFB2B3D00C2A44E /* LaunchScreen.storyboard */ = {
			isa = PBXVariantGroup;
			children = (
				5DD69FDE1FFB2B3D00C2A44E /* Base */,
			);
			name = LaunchScreen.storyboard;
			sourceTree = "<group>";
		};
/* End PBXVariantGroup section */

/* Begin XCBuildConfiguration section */
		5DD69FE11FFB2B3D00C2A44E /* Debug */ = {
			isa = XCBuildConfiguration;
			buildSettings = {
				ALWAYS_SEARCH_USER_PATHS = NO;
				CLANG_ANALYZER_NONNULL = YES;
				CLANG_ANALYZER_NUMBER_OBJECT_CONVERSION = YES_AGGRESSIVE;
				CLANG_CXX_LANGUAGE_STANDARD = "gnu++14";
				CLANG_CXX_LIBRARY = "libc++";
				CLANG_ENABLE_MODULES = YES;
				CLANG_ENABLE_OBJC_ARC = YES;
				CLANG_WARN_BLOCK_CAPTURE_AUTORELEASING = YES;
				CLANG_WARN_BOOL_CONVERSION = YES;
				CLANG_WARN_COMMA = YES;
				CLANG_WARN_CONSTANT_CONVERSION = YES;
				CLANG_WARN_DIRECT_OBJC_ISA_USAGE = YES_ERROR;
				CLANG_WARN_DOCUMENTATION_COMMENTS = YES;
				CLANG_WARN_EMPTY_BODY = YES;
				CLANG_WARN_ENUM_CONVERSION = YES;
				CLANG_WARN_INFINITE_RECURSION = YES;
				CLANG_WARN_INT_CONVERSION = YES;
				CLANG_WARN_NON_LITERAL_NULL_CONVERSION = YES;
				CLANG_WARN_OBJC_LITERAL_CONVERSION = YES;
				CLANG_WARN_OBJC_ROOT_CLASS = YES_ERROR;
				CLANG_WARN_RANGE_LOOP_ANALYSIS = YES;
				CLANG_WARN_STRICT_PROTOTYPES = YES;
				CLANG_WARN_SUSPICIOUS_MOVE = YES;
				CLANG_WARN_UNGUARDED_AVAILABILITY = YES_AGGRESSIVE;
				CLANG_WARN_UNREACHABLE_CODE = YES;
				CLANG_WARN__DUPLICATE_METHOD_MATCH = YES;
				CODE_SIGN_IDENTITY = "iPhone Developer";
				COPY_PHASE_STRIP = NO;
				DEBUG_INFORMATION_FORMAT = dwarf;
				ENABLE_STRICT_OBJC_MSGSEND = YES;
				ENABLE_TESTABILITY = YES;
				GCC_C_LANGUAGE_STANDARD = gnu11;
				GCC_DYNAMIC_NO_PIC = NO;
				GCC_NO_COMMON_BLOCKS = YES;
				GCC_OPTIMIZATION_LEVEL = 0;
				GCC_PREPROCESSOR_DEFINITIONS = (
					"DEBUG=1",
					"$(inherited)",
				);
				GCC_WARN_64_TO_32_BIT_CONVERSION = YES;
				GCC_WARN_ABOUT_RETURN_TYPE = YES_ERROR;
				GCC_WARN_UNDECLARED_SELECTOR = YES;
				GCC_WARN_UNINITIALIZED_AUTOS = YES_AGGRESSIVE;
				GCC_WARN_UNUSED_FUNCTION = YES;
				GCC_WARN_UNUSED_VARIABLE = YES;
				IPHONEOS_DEPLOYMENT_TARGET = 11.2;
				MTL_ENABLE_DEBUG_INFO = YES;
				ONLY_ACTIVE_ARCH = YES;
				SDKROOT = iphoneos;
				SWIFT_ACTIVE_COMPILATION_CONDITIONS = DEBUG;
				SWIFT_OPTIMIZATION_LEVEL = "-Onone";
			};
			name = Debug;
		};
		5DD69FE21FFB2B3D00C2A44E /* Release */ = {
			isa = XCBuildConfiguration;
			buildSettings = {
				ALWAYS_SEARCH_USER_PATHS = NO;
				CLANG_ANALYZER_NONNULL = YES;
				CLANG_ANALYZER_NUMBER_OBJECT_CONVERSION = YES_AGGRESSIVE;
				CLANG_CXX_LANGUAGE_STANDARD = "gnu++14";
				CLANG_CXX_LIBRARY = "libc++";
				CLANG_ENABLE_MODULES = YES;
				CLANG_ENABLE_OBJC_ARC = YES;
				CLANG_WARN_BLOCK_CAPTURE_AUTORELEASING = YES;
				CLANG_WARN_BOOL_CONVERSION = YES;
				CLANG_WARN_COMMA = YES;
				CLANG_WARN_CONSTANT_CONVERSION = YES;
				CLANG_WARN_DIRECT_OBJC_ISA_USAGE = YES_ERROR;
				CLANG_WARN_DOCUMENTATION_COMMENTS = YES;
				CLANG_WARN_EMPTY_BODY = YES;
				CLANG_WARN_ENUM_CONVERSION = YES;
				CLANG_WARN_INFINITE_RECURSION = YES;
				CLANG_WARN_INT_CONVERSION = YES;
				CLANG_WARN_NON_LITERAL_NULL_CONVERSION = YES;
				CLANG_WARN_OBJC_LITERAL_CONVERSION = YES;
				CLANG_WARN_OBJC_ROOT_CLASS = YES_ERROR;
				CLANG_WARN_RANGE_LOOP_ANALYSIS = YES;
				CLANG_WARN_STRICT_PROTOTYPES = YES;
				CLANG_WARN_SUSPICIOUS_MOVE = YES;
				CLANG_WARN_UNGUARDED_AVAILABILITY = YES_AGGRESSIVE;
				CLANG_WARN_UNREACHABLE_CODE = YES;
				CLANG_WARN__DUPLICATE_METHOD_MATCH = YES;
				CODE_SIGN_IDENTITY = "iPhone Developer";
				COPY_PHASE_STRIP = NO;
				DEBUG_INFORMATION_FORMAT = "dwarf-with-dsym";
				ENABLE_NS_ASSERTIONS = NO;
				ENABLE_STRICT_OBJC_MSGSEND = YES;
				GCC_C_LANGUAGE_STANDARD = gnu11;
				GCC_NO_COMMON_BLOCKS = YES;
				GCC_WARN_64_TO_32_BIT_CONVERSION = YES;
				GCC_WARN_ABOUT_RETURN_TYPE = YES_ERROR;
				GCC_WARN_UNDECLARED_SELECTOR = YES;
				GCC_WARN_UNINITIALIZED_AUTOS = YES_AGGRESSIVE;
				GCC_WARN_UNUSED_FUNCTION = YES;
				GCC_WARN_UNUSED_VARIABLE = YES;
				IPHONEOS_DEPLOYMENT_TARGET = 11.2;
				MTL_ENABLE_DEBUG_INFO = NO;
				SDKROOT = iphoneos;
				SWIFT_OPTIMIZATION_LEVEL = "-Owholemodule";
				VALIDATE_PRODUCT = YES;
			};
			name = Release;
		};
		5DD69FE41FFB2B3D00C2A44E /* Debug */ = {
			isa = XCBuildConfiguration;
			buildSettings = {
				ALWAYS_EMBED_SWIFT_STANDARD_LIBRARIES = YES;
				ASSETCATALOG_COMPILER_APPICON_NAME = AppIcon;
				CODE_SIGN_ENTITLEMENTS = MessageFilter/MessageFilter.entitlements;
				CODE_SIGN_STYLE = Automatic;
				DEVELOPMENT_TEAM = J42WU9V45Z;
				FRAMEWORK_SEARCH_PATHS = "$(SRCROOT)/Carthage/Build/iOS";
				INFOPLIST_FILE = "$(SRCROOT)/MessageFilter/Supporting Files/Info.plist";
				IPHONEOS_DEPLOYMENT_TARGET = 11.0;
				LD_RUNPATH_SEARCH_PATHS = "$(inherited) @executable_path/Frameworks";
				PRODUCT_BUNDLE_IDENTIFIER = com.mysinosoft.MessageFilter;
				PRODUCT_NAME = "$(TARGET_NAME)";
				SWIFT_VERSION = 4.0;
				TARGETED_DEVICE_FAMILY = 1;
			};
			name = Debug;
		};
		5DD69FE51FFB2B3D00C2A44E /* Release */ = {
			isa = XCBuildConfiguration;
			buildSettings = {
				ALWAYS_EMBED_SWIFT_STANDARD_LIBRARIES = YES;
				ASSETCATALOG_COMPILER_APPICON_NAME = AppIcon;
				CODE_SIGN_ENTITLEMENTS = MessageFilter/MessageFilter.entitlements;
				CODE_SIGN_STYLE = Automatic;
				DEVELOPMENT_TEAM = J42WU9V45Z;
				FRAMEWORK_SEARCH_PATHS = "$(SRCROOT)/Carthage/Build/iOS";
				INFOPLIST_FILE = "$(SRCROOT)/MessageFilter/Supporting Files/Info.plist";
				IPHONEOS_DEPLOYMENT_TARGET = 11.0;
				LD_RUNPATH_SEARCH_PATHS = "$(inherited) @executable_path/Frameworks";
				PRODUCT_BUNDLE_IDENTIFIER = com.mysinosoft.MessageFilter;
				PRODUCT_NAME = "$(TARGET_NAME)";
				SWIFT_VERSION = 4.0;
				TARGETED_DEVICE_FAMILY = 1;
			};
			name = Release;
		};
		5DD69FF31FFB2B6200C2A44E /* Debug */ = {
			isa = XCBuildConfiguration;
			buildSettings = {
				CODE_SIGN_ENTITLEMENTS = MessageFilterExt/MessageFilterExt.entitlements;
				CODE_SIGN_STYLE = Automatic;
				DEVELOPMENT_TEAM = J42WU9V45Z;
				INFOPLIST_FILE = MessageFilterExt/Info.plist;
				IPHONEOS_DEPLOYMENT_TARGET = 11.0;
				LD_RUNPATH_SEARCH_PATHS = "$(inherited) @executable_path/Frameworks @executable_path/../../Frameworks";
				PRODUCT_BUNDLE_IDENTIFIER = com.mysinosoft.MessageFilter.MessageFilterExt;
				PRODUCT_NAME = "$(TARGET_NAME)";
				SKIP_INSTALL = YES;
				SWIFT_VERSION = 4.0;
				TARGETED_DEVICE_FAMILY = "1,2";
			};
			name = Debug;
		};
		5DD69FF41FFB2B6200C2A44E /* Release */ = {
			isa = XCBuildConfiguration;
			buildSettings = {
				CODE_SIGN_ENTITLEMENTS = MessageFilterExt/MessageFilterExt.entitlements;
				CODE_SIGN_STYLE = Automatic;
				DEVELOPMENT_TEAM = J42WU9V45Z;
				INFOPLIST_FILE = MessageFilterExt/Info.plist;
				IPHONEOS_DEPLOYMENT_TARGET = 11.0;
				LD_RUNPATH_SEARCH_PATHS = "$(inherited) @executable_path/Frameworks @executable_path/../../Frameworks";
				PRODUCT_BUNDLE_IDENTIFIER = com.mysinosoft.MessageFilter.MessageFilterExt;
				PRODUCT_NAME = "$(TARGET_NAME)";
				SKIP_INSTALL = YES;
				SWIFT_VERSION = 4.0;
				TARGETED_DEVICE_FAMILY = "1,2";
			};
			name = Release;
		};
/* End XCBuildConfiguration section */

/* Begin XCConfigurationList section */
		5DD69FCC1FFB2B3D00C2A44E /* Build configuration list for PBXProject "MessageFilter" */ = {
			isa = XCConfigurationList;
			buildConfigurations = (
				5DD69FE11FFB2B3D00C2A44E /* Debug */,
				5DD69FE21FFB2B3D00C2A44E /* Release */,
			);
			defaultConfigurationIsVisible = 0;
			defaultConfigurationName = Release;
		};
		5DD69FE31FFB2B3D00C2A44E /* Build configuration list for PBXNativeTarget "MessageFilter" */ = {
			isa = XCConfigurationList;
			buildConfigurations = (
				5DD69FE41FFB2B3D00C2A44E /* Debug */,
				5DD69FE51FFB2B3D00C2A44E /* Release */,
			);
			defaultConfigurationIsVisible = 0;
			defaultConfigurationName = Release;
		};
		5DD69FF21FFB2B6200C2A44E /* Build configuration list for PBXNativeTarget "MessageFilterExt" */ = {
			isa = XCConfigurationList;
			buildConfigurations = (
				5DD69FF31FFB2B6200C2A44E /* Debug */,
				5DD69FF41FFB2B6200C2A44E /* Release */,
			);
			defaultConfigurationIsVisible = 0;
			defaultConfigurationName = Release;
		};
/* End XCConfigurationList section */
	};
	rootObject = 5DD69FC91FFB2B3D00C2A44E /* Project object */;
}
